
Microsoft Visual Studio Solution File, Format Version 12.00
# Visual Studio Version 17
VisualStudioVersion = 17.0.32014.148
MinimumVisualStudioVersion = 10.0.40219.1
Project("{FAE04EC0-301F-11D3-BF4B-00C04F79EFBC}") = "practica22", "practica22\practica22.csproj", "{57AA38AA-4194-4683-9AD9-C49E574EF748}"
EndProject
Global
	GlobalSection(SolutionConfigurationPlatforms) = preSolution
		Debug|Any CPU = Debug|Any CPU
		Release|Any CPU = Release|Any CPU
	EndGlobalSection
	GlobalSection(ProjectConfigurationPlatforms) = postSolution
		{57AA38AA-4194-4683-9AD9-C49E574EF748}.Debug|Any CPU.ActiveCfg = Debug|Any CPU
		{57AA38AA-4194-4683-9AD9-C49E574EF748}.Debug|Any CPU.Build.0 = Debug|Any CPU
		{57AA38AA-4194-4683-9AD9-C49E574EF748}.Release|Any CPU.ActiveCfg = Release|Any CPU
		{57AA38AA-4194-4683-9AD9-C49E574EF748}.Release|Any CPU.Build.0 = Release|Any CPU
	EndGlobalSection
	GlobalSection(SolutionProperties) = preSolution
		HideSolutionNode = FALSE
	EndGlobalSection
	GlobalSection(ExtensibilityGlobals) = postSolution
		SolutionGuid = {A5982107-2766-43E0-B617-56303621C953}
	EndGlobalSection
EndGlobal
