
Microsoft Visual Studio Solution File, Format Version 12.00
# Visual Studio Version 17
VisualStudioVersion = 17.0.32014.148
MinimumVisualStudioVersion = 10.0.40219.1
Project("{FAE04EC0-301F-11D3-BF4B-00C04F79EFBC}") = "proyecto15.1", "proyecto15.1\proyecto15.1.csproj", "{84955122-EA23-4DF3-B075-0814D96C1D23}"
EndProject
Global
	GlobalSection(SolutionConfigurationPlatforms) = preSolution
		Debug|Any CPU = Debug|Any CPU
		Release|Any CPU = Release|Any CPU
	EndGlobalSection
	GlobalSection(ProjectConfigurationPlatforms) = postSolution
		{84955122-EA23-4DF3-B075-0814D96C1D23}.Debug|Any CPU.ActiveCfg = Debug|Any CPU
		{84955122-EA23-4DF3-B075-0814D96C1D23}.Debug|Any CPU.Build.0 = Debug|Any CPU
		{84955122-EA23-4DF3-B075-0814D96C1D23}.Release|Any CPU.ActiveCfg = Release|Any CPU
		{84955122-EA23-4DF3-B075-0814D96C1D23}.Release|Any CPU.Build.0 = Release|Any CPU
	EndGlobalSection
	GlobalSection(SolutionProperties) = preSolution
		HideSolutionNode = FALSE
	EndGlobalSection
	GlobalSection(ExtensibilityGlobals) = postSolution
		SolutionGuid = {DEBD99C0-2A78-4C19-AB56-120B5A9CEA47}
	EndGlobalSection
EndGlobal
