
Microsoft Visual Studio Solution File, Format Version 12.00
# Visual Studio Version 17
VisualStudioVersion = 17.0.32014.148
MinimumVisualStudioVersion = 10.0.40219.1
Project("{FAE04EC0-301F-11D3-BF4B-00C04F79EFBC}") = "practica27", "practica27\practica27.csproj", "{45A9E808-0BB9-4A64-BF65-434B0E3E8947}"
EndProject
Global
	GlobalSection(SolutionConfigurationPlatforms) = preSolution
		Debug|Any CPU = Debug|Any CPU
		Release|Any CPU = Release|Any CPU
	EndGlobalSection
	GlobalSection(ProjectConfigurationPlatforms) = postSolution
		{45A9E808-0BB9-4A64-BF65-434B0E3E8947}.Debug|Any CPU.ActiveCfg = Debug|Any CPU
		{45A9E808-0BB9-4A64-BF65-434B0E3E8947}.Debug|Any CPU.Build.0 = Debug|Any CPU
		{45A9E808-0BB9-4A64-BF65-434B0E3E8947}.Release|Any CPU.ActiveCfg = Release|Any CPU
		{45A9E808-0BB9-4A64-BF65-434B0E3E8947}.Release|Any CPU.Build.0 = Release|Any CPU
	EndGlobalSection
	GlobalSection(SolutionProperties) = preSolution
		HideSolutionNode = FALSE
	EndGlobalSection
	GlobalSection(ExtensibilityGlobals) = postSolution
		SolutionGuid = {63A0A85E-C9F6-435D-A6B4-B59C70321967}
	EndGlobalSection
EndGlobal
