
Microsoft Visual Studio Solution File, Format Version 12.00
# Visual Studio Version 17
VisualStudioVersion = 17.0.32014.148
MinimumVisualStudioVersion = 10.0.40219.1
Project("{FAE04EC0-301F-11D3-BF4B-00C04F79EFBC}") = "practica29", "practica29\practica29.csproj", "{71E2E3DA-F6B8-4F1C-BA0D-3C4493E5B401}"
EndProject
Global
	GlobalSection(SolutionConfigurationPlatforms) = preSolution
		Debug|Any CPU = Debug|Any CPU
		Release|Any CPU = Release|Any CPU
	EndGlobalSection
	GlobalSection(ProjectConfigurationPlatforms) = postSolution
		{71E2E3DA-F6B8-4F1C-BA0D-3C4493E5B401}.Debug|Any CPU.ActiveCfg = Debug|Any CPU
		{71E2E3DA-F6B8-4F1C-BA0D-3C4493E5B401}.Debug|Any CPU.Build.0 = Debug|Any CPU
		{71E2E3DA-F6B8-4F1C-BA0D-3C4493E5B401}.Release|Any CPU.ActiveCfg = Release|Any CPU
		{71E2E3DA-F6B8-4F1C-BA0D-3C4493E5B401}.Release|Any CPU.Build.0 = Release|Any CPU
	EndGlobalSection
	GlobalSection(SolutionProperties) = preSolution
		HideSolutionNode = FALSE
	EndGlobalSection
	GlobalSection(ExtensibilityGlobals) = postSolution
		SolutionGuid = {8977F28F-E241-4DA9-8A82-925AE548AA9C}
	EndGlobalSection
EndGlobal
