
Microsoft Visual Studio Solution File, Format Version 12.00
# Visual Studio Version 17
VisualStudioVersion = 17.0.32014.148
MinimumVisualStudioVersion = 10.0.40219.1
Project("{FAE04EC0-301F-11D3-BF4B-00C04F79EFBC}") = "proyecto15", "proyecto15\proyecto15.csproj", "{59D4AB8B-92A3-4059-8505-15A13D11F079}"
EndProject
Global
	GlobalSection(SolutionConfigurationPlatforms) = preSolution
		Debug|Any CPU = Debug|Any CPU
		Release|Any CPU = Release|Any CPU
	EndGlobalSection
	GlobalSection(ProjectConfigurationPlatforms) = postSolution
		{59D4AB8B-92A3-4059-8505-15A13D11F079}.Debug|Any CPU.ActiveCfg = Debug|Any CPU
		{59D4AB8B-92A3-4059-8505-15A13D11F079}.Debug|Any CPU.Build.0 = Debug|Any CPU
		{59D4AB8B-92A3-4059-8505-15A13D11F079}.Release|Any CPU.ActiveCfg = Release|Any CPU
		{59D4AB8B-92A3-4059-8505-15A13D11F079}.Release|Any CPU.Build.0 = Release|Any CPU
	EndGlobalSection
	GlobalSection(SolutionProperties) = preSolution
		HideSolutionNode = FALSE
	EndGlobalSection
	GlobalSection(ExtensibilityGlobals) = postSolution
		SolutionGuid = {4AC984E1-CD17-4E90-ABD1-7F5582BF81E0}
	EndGlobalSection
EndGlobal
